// !$*UTF8*$!
{
	archiveVersion = 1;
	classes = {
	};
	objectVersion = 50;
	objects = {

/* Begin PBXBuildFile section */
		9E961FE125425FF800B26699 /* AppDelegate.swift in Sources */ = {isa = PBXBuildFile; fileRef = 9E961FE025425FF800B26699 /* AppDelegate.swift */; };
		9E961FE325425FF800B26699 /* SceneDelegate.swift in Sources */ = {isa = PBXBuildFile; fileRef = 9E961FE225425FF800B26699 /* SceneDelegate.swift */; };
		9E961FE525425FF800B26699 /* ContentView.swift in Sources */ = {isa = PBXBuildFile; fileRef = 9E961FE425425FF800B26699 /* ContentView.swift */; };
		9E961FE825425FF800B26699 /* TommyCzubat_MidTerm.xcdatamodeld in Sources */ = {isa = PBXBuildFile; fileRef = 9E961FE625425FF800B26699 /* TommyCzubat_MidTerm.xcdatamodeld */; };
		9E961FEA25425FF900B26699 /* Assets.xcassets in Resources */ = {isa = PBXBuildFile; fileRef = 9E961FE925425FF900B26699 /* Assets.xcassets */; };
		9E961FED25425FF900B26699 /* Preview Assets.xcassets in Resources */ = {isa = PBXBuildFile; fileRef = 9E961FEC25425FF900B26699 /* Preview Assets.xcassets */; };
		9E961FF025425FF900B26699 /* LaunchScreen.storyboard in Resources */ = {isa = PBXBuildFile; fileRef = 9E961FEE25425FF900B26699 /* LaunchScreen.storyboard */; };
/* End PBXBuildFile section */

/* Begin PBXFileReference section */
		9E961FDD25425FF800B26699 /* TommyCzubat_MidTerm.app */ = {isa = PBXFileReference; explicitFileType = wrapper.application; includeInIndex = 0; path = TommyCzubat_MidTerm.app; sourceTree = BUILT_PRODUCTS_DIR; };
		9E961FE025425FF800B26699 /* AppDelegate.swift */ = {isa = PBXFileReference; lastKnownFileType = sourcecode.swift; path = AppDelegate.swift; sourceTree = "<group>"; };
		9E961FE225425FF800B26699 /* SceneDelegate.swift */ = {isa = PBXFileReference; lastKnownFileType = sourcecode.swift; path = SceneDelegate.swift; sourceTree = "<group>"; };
		9E961FE425425FF800B26699 /* ContentView.swift */ = {isa = PBXFileReference; lastKnownFileType = sourcecode.swift; path = ContentView.swift; sourceTree = "<group>"; };
		9E961FE725425FF800B26699 /* TommyCzubat_MidTerm.xcdatamodel */ = {isa = PBXFileReference; lastKnownFileType = wrapper.xcdatamodel; path = TommyCzubat_MidTerm.xcdatamodel; sourceTree = "<group>"; };
		9E961FE925425FF900B26699 /* Assets.xcassets */ = {isa = PBXFileReference; lastKnownFileType = folder.assetcatalog; path = Assets.xcassets; sourceTree = "<group>"; };
		9E961FEC25425FF900B26699 /* Preview Assets.xcassets */ = {isa = PBXFileReference; lastKnownFileType = folder.assetcatalog; path = "Preview Assets.xcassets"; sourceTree = "<group>"; };
		9E961FEF25425FF900B26699 /* Base */ = {isa = PBXFileReference; lastKnownFileType = file.storyboard; name = Base; path = Base.lproj/LaunchScreen.storyboard; sourceTree = "<group>"; };
		9E961FF125425FF900B26699 /* Info.plist */ = {isa = PBXFileReference; lastKnownFileType = text.plist.xml; path = Info.plist; sourceTree = "<group>"; };
/* End PBXFileReference section */

/* Begin PBXFrameworksBuildPhase section */
		9E961FDA25425FF800B26699 /* Frameworks */ = {
			isa = PBXFrameworksBuildPhase;
			buildActionMask = 2147483647;
			files = (
			);
			runOnlyForDeploymentPostprocessing = 0;
		};
/* End PBXFrameworksBuildPhase section */

/* Begin PBXGroup section */
		9E961FD425425FF800B26699 = {
			isa = PBXGroup;
			children = (
				9E961FDF25425FF800B26699 /* TommyCzubat_MidTerm */,
				9E961FDE25425FF800B26699 /* Products */,
			);
			sourceTree = "<group>";
		};
		9E961FDE25425FF800B26699 /* Products */ = {
			isa = PBXGroup;
			children = (
				9E961FDD25425FF800B26699 /* TommyCzubat_MidTerm.app */,
			);
			name = Products;
			sourceTree = "<group>";
		};
		9E961FDF25425FF800B26699 /* TommyCzubat_MidTerm */ = {
			isa = PBXGroup;
			children = (
				9E961FE025425FF800B26699 /* AppDelegate.swift */,
				9E961FE225425FF800B26699 /* SceneDelegate.swift */,
				9E961FE425425FF800B26699 /* ContentView.swift */,
				9E961FE925425FF900B26699 /* Assets.xcassets */,
				9E961FEE25425FF900B26699 /* LaunchScreen.storyboard */,
				9E961FF125425FF900B26699 /* Info.plist */,
				9E961FE625425FF800B26699 /* TommyCzubat_MidTerm.xcdatamodeld */,
				9E961FEB25425FF900B26699 /* Preview Content */,
			);
			path = TommyCzubat_MidTerm;
			sourceTree = "<group>";
		};
		9E961FEB25425FF900B26699 /* Preview Content */ = {
			isa = PBXGroup;
			children = (
				9E961FEC25425FF900B26699 /* Preview Assets.xcassets */,
			);
			path = "Preview Content";
			sourceTree = "<group>";
		};
/* End PBXGroup section */

/* Begin PBXNativeTarget section */
		9E961FDC25425FF800B26699 /* TommyCzubat_MidTerm */ = {
			isa = PBXNativeTarget;
			buildConfigurationList = 9E961FF425425FF900B26699 /* Build configuration list for PBXNativeTarget "TommyCzubat_MidTerm" */;
			buildPhases = (
				9E961FD925425FF800B26699 /* Sources */,
				9E961FDA25425FF800B26699 /* Frameworks */,
				9E961FDB25425FF800B26699 /* Resources */,
			);
			buildRules = (
			);
			dependencies = (
			);
			name = TommyCzubat_MidTerm;
			productName = TommyCzubat_MidTerm;
			productReference = 9E961FDD25425FF800B26699 /* TommyCzubat_MidTerm.app */;
			productType = "com.apple.product-type.application";
		};
/* End PBXNativeTarget section */

/* Begin PBXProject section */
		9E961FD525425FF800B26699 /* Project object */ = {
			isa = PBXProject;
			attributes = {
				LastSwiftUpdateCheck = 1200;
				LastUpgradeCheck = 1200;
				TargetAttributes = {
					9E961FDC25425FF800B26699 = {
						CreatedOnToolsVersion = 12.0.1;
					};
				};
			};
			buildConfigurationList = 9E961FD825425FF800B26699 /* Build configuration list for PBXProject "TommyCzubat_MidTerm" */;
			compatibilityVersion = "Xcode 9.3";
			developmentRegion = en;
			hasScannedForEncodings = 0;
			knownRegions = (
				en,
				Base,
			);
			mainGroup = 9E961FD425425FF800B26699;
			productRefGroup = 9E961FDE25425FF800B26699 /* Products */;
			projectDirPath = "";
			projectRoot = "";
			targets = (
				9E961FDC25425FF800B26699 /* TommyCzubat_MidTerm */,
			);
		};
/* End PBXProject section */

/* Begin PBXResourcesBuildPhase section */
		9E961FDB25425FF800B26699 /* Resources */ = {
			isa = PBXResourcesBuildPhase;
			buildActionMask = 2147483647;
			files = (
				9E961FF025425FF900B26699 /* LaunchScreen.storyboard in Resources */,
				9E961FED25425FF900B26699 /* Preview Assets.xcassets in Resources */,
				9E961FEA25425FF900B26699 /* Assets.xcassets in Resources */,
			);
			runOnlyForDeploymentPostprocessing = 0;
		};
/* End PBXResourcesBuildPhase section */

/* Begin PBXSourcesBuildPhase section */
		9E961FD925425FF800B26699 /* Sources */ = {
			isa = PBXSourcesBuildPhase;
			buildActionMask = 2147483647;
			files = (
				9E961FE825425FF800B26699 /* TommyCzubat_MidTerm.xcdatamodeld in Sources */,
				9E961FE125425FF800B26699 /* AppDelegate.swift in Sources */,
				9E961FE325425FF800B26699 /* SceneDelegate.swift in Sources */,
				9E961FE525425FF800B26699 /* ContentView.swift in Sources */,
			);
			runOnlyForDeploymentPostprocessing = 0;
		};
/* End PBXSourcesBuildPhase section */

/* Begin PBXVariantGroup section */
		9E961FEE25425FF900B26699 /* LaunchScreen.storyboard */ = {
			isa = PBXVariantGroup;
			children = (
				9E961FEF25425FF900B26699 /* Base */,
			);
			name = LaunchScreen.storyboard;
			sourceTree = "<group>";
		};
/* End PBXVariantGroup section */

/* Begin XCBuildConfiguration section */
		9E961FF225425FF900B26699 /* Debug */ = {
			isa = XCBuildConfiguration;
			buildSettings = {
				ALWAYS_SEARCH_USER_PATHS = NO;
				CLANG_ANALYZER_NONNULL = YES;
				CLANG_ANALYZER_NUMBER_OBJECT_CONVERSION = YES_AGGRESSIVE;
				CLANG_CXX_LANGUAGE_STANDARD = "gnu++14";
				CLANG_CXX_LIBRARY = "libc++";
				CLANG_ENABLE_MODULES = YES;
				CLANG_ENABLE_OBJC_ARC = YES;
				CLANG_ENABLE_OBJC_WEAK = YES;
				CLANG_WARN_BLOCK_CAPTURE_AUTORELEASING = YES;
				CLANG_WARN_BOOL_CONVERSION = YES;
				CLANG_WARN_COMMA = YES;
				CLANG_WARN_CONSTANT_CONVERSION = YES;
				CLANG_WARN_DEPRECATED_OBJC_IMPLEMENTATIONS = YES;
				CLANG_WARN_DIRECT_OBJC_ISA_USAGE = YES_ERROR;
				CLANG_WARN_DOCUMENTATION_COMMENTS = YES;
				CLANG_WARN_EMPTY_BODY = YES;
				CLANG_WARN_ENUM_CONVERSION = YES;
				CLANG_WARN_INFINITE_RECURSION = YES;
				CLANG_WARN_INT_CONVERSION = YES;
				CLANG_WARN_NON_LITERAL_NULL_CONVERSION = YES;
				CLANG_WARN_OBJC_IMPLICIT_RETAIN_SELF = YES;
				CLANG_WARN_OBJC_LITERAL_CONVERSION = YES;
				CLANG_WARN_OBJC_ROOT_CLASS = YES_ERROR;
				CLANG_WARN_QUOTED_INCLUDE_IN_FRAMEWORK_HEADER = YES;
				CLANG_WARN_RANGE_LOOP_ANALYSIS = YES;
				CLANG_WARN_STRICT_PROTOTYPES = YES;
				CLANG_WARN_SUSPICIOUS_MOVE = YES;
				CLANG_WARN_UNGUARDED_AVAILABILITY = YES_AGGRESSIVE;
				CLANG_WARN_UNREACHABLE_CODE = YES;
				CLANG_WARN__DUPLICATE_METHOD_MATCH = YES;
				COPY_PHASE_STRIP = NO;
				DEBUG_INFORMATION_FORMAT = dwarf;
				ENABLE_STRICT_OBJC_MSGSEND = YES;
				ENABLE_TESTABILITY = YES;
				GCC_C_LANGUAGE_STANDARD = gnu11;
				GCC_DYNAMIC_NO_PIC = NO;
				GCC_NO_COMMON_BLOCKS = YES;
				GCC_OPTIMIZATION_LEVEL = 0;
				GCC_PREPROCESSOR_DEFINITIONS = (
					"DEBUG=1",
					"$(inherited)",
				);
				GCC_WARN_64_TO_32_BIT_CONVERSION = YES;
				GCC_WARN_ABOUT_RETURN_TYPE = YES_ERROR;
				GCC_WARN_UNDECLARED_SELECTOR = YES;
				GCC_WARN_UNINITIALIZED_AUTOS = YES_AGGRESSIVE;
				GCC_WARN_UNUSED_FUNCTION = YES;
				GCC_WARN_UNUSED_VARIABLE = YES;
				IPHONEOS_DEPLOYMENT_TARGET = 14.0;
				MTL_ENABLE_DEBUG_INFO = INCLUDE_SOURCE;
				MTL_FAST_MATH = YES;
				ONLY_ACTIVE_ARCH = YES;
				SDKROOT = iphoneos;
				SWIFT_ACTIVE_COMPILATION_CONDITIONS = DEBUG;
				SWIFT_OPTIMIZATION_LEVEL = "-Onone";
			};
			name = Debug;
		};
		9E961FF325425FF900B26699 /* Release */ = {
			isa = XCBuildConfiguration;
			buildSettings = {
				ALWAYS_SEARCH_USER_PATHS = NO;
				CLANG_ANALYZER_NONNULL = YES;
				CLANG_ANALYZER_NUMBER_OBJECT_CONVERSION = YES_AGGRESSIVE;
				CLANG_CXX_LANGUAGE_STANDARD = "gnu++14";
				CLANG_CXX_LIBRARY = "libc++";
				CLANG_ENABLE_MODULES = YES;
				CLANG_ENABLE_OBJC_ARC = YES;
				CLANG_ENABLE_OBJC_WEAK = YES;
				CLANG_WARN_BLOCK_CAPTURE_AUTORELEASING = YES;
				CLANG_WARN_BOOL_CONVERSION = YES;
				CLANG_WARN_COMMA = YES;
				CLANG_WARN_CONSTANT_CONVERSION = YES;
				CLANG_WARN_DEPRECATED_OBJC_IMPLEMENTATIONS = YES;
				CLANG_WARN_DIRECT_OBJC_ISA_USAGE = YES_ERROR;
				CLANG_WARN_DOCUMENTATION_COMMENTS = YES;
				CLANG_WARN_EMPTY_BODY = YES;
				CLANG_WARN_ENUM_CONVERSION = YES;
				CLANG_WARN_INFINITE_RECURSION = YES;
				CLANG_WARN_INT_CONVERSION = YES;
				CLANG_WARN_NON_LITERAL_NULL_CONVERSION = YES;
				CLANG_WARN_OBJC_IMPLICIT_RETAIN_SELF = YES;
				CLANG_WARN_OBJC_LITERAL_CONVERSION = YES;
				CLANG_WARN_OBJC_ROOT_CLASS = YES_ERROR;
				CLANG_WARN_QUOTED_INCLUDE_IN_FRAMEWORK_HEADER = YES;
				CLANG_WARN_RANGE_LOOP_ANALYSIS = YES;
				CLANG_WARN_STRICT_PROTOTYPES = YES;
				CLANG_WARN_SUSPICIOUS_MOVE = YES;
				CLANG_WARN_UNGUARDED_AVAILABILITY = YES_AGGRESSIVE;
				CLANG_WARN_UNREACHABLE_CODE = YES;
				CLANG_WARN__DUPLICATE_METHOD_MATCH = YES;
				COPY_PHASE_STRIP = NO;
				DEBUG_INFORMATION_FORMAT = "dwarf-with-dsym";
				ENABLE_NS_ASSERTIONS = NO;
				ENABLE_STRICT_OBJC_MSGSEND = YES;
				GCC_C_LANGUAGE_STANDARD = gnu11;
				GCC_NO_COMMON_BLOCKS = YES;
				GCC_WARN_64_TO_32_BIT_CONVERSION = YES;
				GCC_WARN_ABOUT_RETURN_TYPE = YES_ERROR;
				GCC_WARN_UNDECLARED_SELECTOR = YES;
				GCC_WARN_UNINITIALIZED_AUTOS = YES_AGGRESSIVE;
				GCC_WARN_UNUSED_FUNCTION = YES;
				GCC_WARN_UNUSED_VARIABLE = YES;
				IPHONEOS_DEPLOYMENT_TARGET = 14.0;
				MTL_ENABLE_DEBUG_INFO = NO;
				MTL_FAST_MATH = YES;
				SDKROOT = iphoneos;
				SWIFT_COMPILATION_MODE = wholemodule;
				SWIFT_OPTIMIZATION_LEVEL = "-O";
				VALIDATE_PRODUCT = YES;
			};
			name = Release;
		};
		9E961FF525425FF900B26699 /* Debug */ = {
			isa = XCBuildConfiguration;
			buildSettings = {
				ASSETCATALOG_COMPILER_APPICON_NAME = AppIcon;
				ASSETCATALOG_COMPILER_GLOBAL_ACCENT_COLOR_NAME = AccentColor;
				CODE_SIGN_STYLE = Automatic;
				DEVELOPMENT_ASSET_PATHS = "\"TommyCzubat_MidTerm/Preview Content\"";
				DEVELOPMENT_TEAM = T522TY8QAB;
				ENABLE_PREVIEWS = YES;
				INFOPLIST_FILE = TommyCzubat_MidTerm/Info.plist;
				LD_RUNPATH_SEARCH_PATHS = (
					"$(inherited)",
					"@executable_path/Frameworks",
				);
				PRODUCT_BUNDLE_IDENTIFIER = "TC.TommyCzubat-MidTerm";
				PRODUCT_NAME = "$(TARGET_NAME)";
				SWIFT_VERSION = 5.0;
				TARGETED_DEVICE_FAMILY = "1,2";
			};
			name = Debug;
		};
		9E961FF625425FF900B26699 /* Release */ = {
			isa = XCBuildConfiguration;
			buildSettings = {
				ASSETCATALOG_COMPILER_APPICON_NAME = AppIcon;
				ASSETCATALOG_COMPILER_GLOBAL_ACCENT_COLOR_NAME = AccentColor;
				CODE_SIGN_STYLE = Automatic;
				DEVELOPMENT_ASSET_PATHS = "\"TommyCzubat_MidTerm/Preview Content\"";
				DEVELOPMENT_TEAM = T522TY8QAB;
				ENABLE_PREVIEWS = YES;
				INFOPLIST_FILE = TommyCzubat_MidTerm/Info.plist;
				LD_RUNPATH_SEARCH_PATHS = (
					"$(inherited)",
					"@executable_path/Frameworks",
				);
				PRODUCT_BUNDLE_IDENTIFIER = "TC.TommyCzubat-MidTerm";
				PRODUCT_NAME = "$(TARGET_NAME)";
				SWIFT_VERSION = 5.0;
				TARGETED_DEVICE_FAMILY = "1,2";
			};
			name = Release;
		};
/* End XCBuildConfiguration section */

/* Begin XCConfigurationList section */
		9E961FD825425FF800B26699 /* Build configuration list for PBXProject "TommyCzubat_MidTerm" */ = {
			isa = XCConfigurationList;
			buildConfigurations = (
				9E961FF225425FF900B26699 /* Debug */,
				9E961FF325425FF900B26699 /* Release */,
			);
			defaultConfigurationIsVisible = 0;
			defaultConfigurationName = Release;
		};
		9E961FF425425FF900B26699 /* Build configuration list for PBXNativeTarget "TommyCzubat_MidTerm" */ = {
			isa = XCConfigurationList;
			buildConfigurations = (
				9E961FF525425FF900B26699 /* Debug */,
				9E961FF625425FF900B26699 /* Release */,
			);
			defaultConfigurationIsVisible = 0;
			defaultConfigurationName = Release;
		};
/* End XCConfigurationList section */

/* Begin XCVersionGroup section */
		9E961FE625425FF800B26699 /* TommyCzubat_MidTerm.xcdatamodeld */ = {
			isa = XCVersionGroup;
			children = (
				9E961FE725425FF800B26699 /* TommyCzubat_MidTerm.xcdatamodel */,
			);
			currentVersion = 9E961FE725425FF800B26699 /* TommyCzubat_MidTerm.xcdatamodel */;
			path = TommyCzubat_MidTerm.xcdatamodeld;
			sourceTree = "<group>";
			versionGroupType = wrapper.xcdatamodel;
		};
/* End XCVersionGroup section */
	};
	rootObject = 9E961FD525425FF800B26699 /* Project object */;
}
